{
  "version": 4,
  "terraform_version": "1.9.7",
  "serial": 11,
  "lineage": "591884d7-e005-9ba5-15a9-98bf10b3b78f",
  "outputs": {
    "eks_cluster_arn": {
      "value": "arn:aws:eks:eu-west-1:789543606330:cluster/DataApi-EKS-Production",
      "type": "string"
    },
    "eks_cluster_certificate_authority": {
      "value": "LS0tLS1CRUdJTiBDRVJUSUZJQ0FURS0tLS0tCk1JSURCVENDQWUyZ0F3SUJBZ0lJYWRTV0MwZ0RnQVF3RFFZSktvWklodmNOQVFFTEJRQXdGVEVUTUJFR0ExVUUKQXhNS2EzVmlaWEp1WlhSbGN6QWVGdzB5TkRFd01EY3dNakE0TWpoYUZ3MHpOREV3TURVd01qRXpNamhhTUJVeApFekFSQmdOVkJBTVRDbXQxWW1WeWJtVjBaWE13Z2dFaU1BMEdDU3FHU0liM0RRRUJBUVVBQTRJQkR3QXdnZ0VLCkFvSUJBUUNybU1uc0F3eEdJdDdTcFV2L21OR0ZidjFuN21Ocmt0RHRNOUlueUVNVHBWZDI3dU1RcUNPdWdUM2wKZGdlMjk2ZzUzN0tFYkpMakhQSEtjdkorMGE3Ym54SE82TitEYlhNUUdoWjNkaFU2eFlKcS9WT2RpZjJsSmRoVQpEbXpyNlJPUzdFa213Z2wxNWI0L2FTMUFkejVYbWVXanZ4Q3J2WEVibEVLNUF5WEhTZTZGbVF5SjhyM2JkUHViClVScVhoS0pIZXU0eDc0VW9tRHI0VU9iWVpXdUxNdEs0UE8zYUZSc0JMUWRnUjZaYWlXUDRGYjJaOEdlZm9RUmIKcjFTM2NzMXZ0dGFkV0hsRTFXT0xRSjA1R2pKcjY0Q0N6eXJwTkVSejVYZzFWVjBsTjVFVlprMFJOS01xa0RRNQozMi8zR3d1ekdNWGEvUkRZZ0txaHFVUzdZRE54QWdNQkFBR2pXVEJYTUE0R0ExVWREd0VCL3dRRUF3SUNwREFQCkJnTlZIUk1CQWY4RUJUQURBUUgvTUIwR0ExVWREZ1FXQkJRWW5HeGRGVXRkaEFWN1B4bzZ2WEIrUTFwWWxUQVYKQmdOVkhSRUVEakFNZ2dwcmRXSmxjbTVsZEdWek1BMEdDU3FHU0liM0RRRUJDd1VBQTRJQkFRQ0toTlJqR09nWAo4blBIV1VSR1VRdUtUa0orYXFtbC90OWRNOWxyQ0w5cC9GN3pwK3FoUEdCeklKZVdyNHhTUzh0ZzN3WVRhUjA2CnhCM2VDS2szbWxPZjBUR2hXZ3RQdHVsU3FVNXI2cHhCR2FvMnBTeWE1bDVmR1d6TU5hY2hTV21ydjdRVnVKQ2gKSkZpRTdMYzNsR1VzQmtLdmtIVkxVV1dFaVhLcVI5QmpyUHNJbVBOdHFzRkhPRE1EUkpmdm82a21hb1BTYkNEWgo0Z2MvcVVHaGdPQXMvcXNKdzhGOEdOK2RwTzBoT2c0YXFuYTBHUjVrbEdBVHRja3hYamY5UU91OHhZUFRTNE1pCnRYUmNWZ3hJMjhLbVhwWWN3TGI0NXZEUlhwSit6RlRVZ1U4eEVOVzNNbEdyUVZldHZHdit3SklmOTQ1aXdPYzcKTWxzUFYxM2kwUVNjCi0tLS0tRU5EIENFUlRJRklDQVRFLS0tLS0K",
      "type": "string"
    },
    "eks_cluster_endpoint": {
      "value": "https://6157BE4616FC21105DF24043DE3646B1.gr7.eu-west-1.eks.amazonaws.com",
      "type": "string"
    },
    "eks_cluster_name": {
      "value": "DataApi-EKS-Production",
      "type": "string"
    },
    "eks_cluster_version": {
      "value": "1.30",
      "type": "string"
    },
    "eks_node_group_arns": {
      "value": [
        "arn:aws:eks:eu-west-1:789543606330:nodegroup/DataApi-EKS-Production/EKS-NG-large-01/dcc93261-9b14-f93e-39cb-99cc9d6cb6e9"
      ],
      "type": [
        "tuple",
        [
          "string"
        ]
      ]
    },
    "eks_node_group_details": {
      "value": {
        "EKS-NG-large-01": {
          "ami_type": "AL2_x86_64",
          "capacity_type": "ON_DEMAND",
          "desired_size": 2,
          "instance_type": [
            "m6a.2xlarge"
          ],
          "launch_template": "lt-0e01d80257283b4a5",
          "max_size": 5,
          "min_size": 1
        }
      },
      "type": [
        "object",
        {
          "EKS-NG-large-01": [
            "object",
            {
              "ami_type": "string",
              "capacity_type": "string",
              "desired_size": "number",
              "instance_type": [
                "list",
                "string"
              ],
              "launch_template": "string",
              "max_size": "number",
              "min_size": "number"
            }
          ]
        }
      ]
    },
    "eks_service_ipv4_cidr": {
      "value": "10.100.0.0/16",
      "type": "string"
    },
    "eks_vpc_config": {
      "value": {
        "cluster_security_group": "sg-00bf6ca13c80bf350",
        "subnet_ids": [
          "subnet-00bcc415f425106b4",
          "subnet-046a77543fabbe11c",
          "subnet-04bc419d7c6a648b3",
          "subnet-09eb0e4aebde67416",
          "subnet-0a285fc982c977134",
          "subnet-0ae6ed38db8b1f9d0"
        ],
        "vpc_id": "vpc-0d2427a96d4312068"
      },
      "type": [
        "object",
        {
          "cluster_security_group": "string",
          "subnet_ids": [
            "set",
            "string"
          ],
          "vpc_id": "string"
        }
      ]
    }
  },
  "resources": [
    {
      "mode": "data",
      "type": "aws_iam_policy_document",
      "name": "eks_assume_role_policy",
      "provider": "provider[\"registry.terraform.io/hashicorp/aws\"]",
      "instances": [
        {
          "schema_version": 0,
          "attributes": {
            "id": "3552664922",
            "json": "{\n  \"Version\": \"2012-10-17\",\n  \"Statement\": [\n    {\n      \"Effect\": \"Allow\",\n      \"Action\": \"sts:AssumeRole\",\n      \"Principal\": {\n        \"Service\": \"eks.amazonaws.com\"\n      }\n    }\n  ]\n}",
            "minified_json": "{\"Version\":\"2012-10-17\",\"Statement\":[{\"Effect\":\"Allow\",\"Action\":\"sts:AssumeRole\",\"Principal\":{\"Service\":\"eks.amazonaws.com\"}}]}",
            "override_json": null,
            "override_policy_documents": null,
            "policy_id": null,
            "source_json": null,
            "source_policy_documents": null,
            "statement": [
              {
                "actions": [
                  "sts:AssumeRole"
                ],
                "condition": [],
                "effect": "Allow",
                "not_actions": [],
                "not_principals": [],
                "not_resources": [],
                "principals": [
                  {
                    "identifiers": [
                      "eks.amazonaws.com"
                    ],
                    "type": "Service"
                  }
                ],
                "resources": [],
                "sid": ""
              }
            ],
            "version": "2012-10-17"
          },
          "sensitive_attributes": []
        }
      ]
    },
    {
      "mode": "data",
      "type": "aws_iam_policy_document",
      "name": "eks_node_assume_role_policy",
      "provider": "provider[\"registry.terraform.io/hashicorp/aws\"]",
      "instances": [
        {
          "schema_version": 0,
          "attributes": {
            "id": "2851119427",
            "json": "{\n  \"Version\": \"2012-10-17\",\n  \"Statement\": [\n    {\n      \"Effect\": \"Allow\",\n      \"Action\": \"sts:AssumeRole\",\n      \"Principal\": {\n        \"Service\": \"ec2.amazonaws.com\"\n      }\n    }\n  ]\n}",
            "minified_json": "{\"Version\":\"2012-10-17\",\"Statement\":[{\"Effect\":\"Allow\",\"Action\":\"sts:AssumeRole\",\"Principal\":{\"Service\":\"ec2.amazonaws.com\"}}]}",
            "override_json": null,
            "override_policy_documents": null,
            "policy_id": null,
            "source_json": null,
            "source_policy_documents": null,
            "statement": [
              {
                "actions": [
                  "sts:AssumeRole"
                ],
                "condition": [],
                "effect": "Allow",
                "not_actions": [],
                "not_principals": [],
                "not_resources": [],
                "principals": [
                  {
                    "identifiers": [
                      "ec2.amazonaws.com"
                    ],
                    "type": "Service"
                  }
                ],
                "resources": [],
                "sid": ""
              }
            ],
            "version": "2012-10-17"
          },
          "sensitive_attributes": []
        }
      ]
    },
    {
      "mode": "managed",
      "type": "aws_eks_cluster",
      "name": "new_eks_cluster",
      "provider": "provider[\"registry.terraform.io/hashicorp/aws\"]",
      "instances": [
        {
          "schema_version": 1,
          "attributes": {
            "access_config": [
              {
                "authentication_mode": "CONFIG_MAP",
                "bootstrap_cluster_creator_admin_permissions": true
              }
            ],
            "arn": "arn:aws:eks:eu-west-1:789543606330:cluster/DataApi-EKS-Production",
            "bootstrap_self_managed_addons": true,
            "certificate_authority": [
              {
                "data": "LS0tLS1CRUdJTiBDRVJUSUZJQ0FURS0tLS0tCk1JSURCVENDQWUyZ0F3SUJBZ0lJYWRTV0MwZ0RnQVF3RFFZSktvWklodmNOQVFFTEJRQXdGVEVUTUJFR0ExVUUKQXhNS2EzVmlaWEp1WlhSbGN6QWVGdzB5TkRFd01EY3dNakE0TWpoYUZ3MHpOREV3TURVd01qRXpNamhhTUJVeApFekFSQmdOVkJBTVRDbXQxWW1WeWJtVjBaWE13Z2dFaU1BMEdDU3FHU0liM0RRRUJBUVVBQTRJQkR3QXdnZ0VLCkFvSUJBUUNybU1uc0F3eEdJdDdTcFV2L21OR0ZidjFuN21Ocmt0RHRNOUlueUVNVHBWZDI3dU1RcUNPdWdUM2wKZGdlMjk2ZzUzN0tFYkpMakhQSEtjdkorMGE3Ym54SE82TitEYlhNUUdoWjNkaFU2eFlKcS9WT2RpZjJsSmRoVQpEbXpyNlJPUzdFa213Z2wxNWI0L2FTMUFkejVYbWVXanZ4Q3J2WEVibEVLNUF5WEhTZTZGbVF5SjhyM2JkUHViClVScVhoS0pIZXU0eDc0VW9tRHI0VU9iWVpXdUxNdEs0UE8zYUZSc0JMUWRnUjZaYWlXUDRGYjJaOEdlZm9RUmIKcjFTM2NzMXZ0dGFkV0hsRTFXT0xRSjA1R2pKcjY0Q0N6eXJwTkVSejVYZzFWVjBsTjVFVlprMFJOS01xa0RRNQozMi8zR3d1ekdNWGEvUkRZZ0txaHFVUzdZRE54QWdNQkFBR2pXVEJYTUE0R0ExVWREd0VCL3dRRUF3SUNwREFQCkJnTlZIUk1CQWY4RUJUQURBUUgvTUIwR0ExVWREZ1FXQkJRWW5HeGRGVXRkaEFWN1B4bzZ2WEIrUTFwWWxUQVYKQmdOVkhSRUVEakFNZ2dwcmRXSmxjbTVsZEdWek1BMEdDU3FHU0liM0RRRUJDd1VBQTRJQkFRQ0toTlJqR09nWAo4blBIV1VSR1VRdUtUa0orYXFtbC90OWRNOWxyQ0w5cC9GN3pwK3FoUEdCeklKZVdyNHhTUzh0ZzN3WVRhUjA2CnhCM2VDS2szbWxPZjBUR2hXZ3RQdHVsU3FVNXI2cHhCR2FvMnBTeWE1bDVmR1d6TU5hY2hTV21ydjdRVnVKQ2gKSkZpRTdMYzNsR1VzQmtLdmtIVkxVV1dFaVhLcVI5QmpyUHNJbVBOdHFzRkhPRE1EUkpmdm82a21hb1BTYkNEWgo0Z2MvcVVHaGdPQXMvcXNKdzhGOEdOK2RwTzBoT2c0YXFuYTBHUjVrbEdBVHRja3hYamY5UU91OHhZUFRTNE1pCnRYUmNWZ3hJMjhLbVhwWWN3TGI0NXZEUlhwSit6RlRVZ1U4eEVOVzNNbEdyUVZldHZHdit3SklmOTQ1aXdPYzcKTWxzUFYxM2kwUVNjCi0tLS0tRU5EIENFUlRJRklDQVRFLS0tLS0K"
              }
            ],
            "cluster_id": null,
            "created_at": "2024-10-07 02:09:40.544 +0000 UTC",
            "enabled_cluster_log_types": null,
            "encryption_config": [],
            "endpoint": "https://6157BE4616FC21105DF24043DE3646B1.gr7.eu-west-1.eks.amazonaws.com",
            "id": "DataApi-EKS-Production",
            "identity": [
              {
                "oidc": [
                  {
                    "issuer": "https://oidc.eks.eu-west-1.amazonaws.com/id/6157BE4616FC21105DF24043DE3646B1"
                  }
                ]
              }
            ],
            "kubernetes_network_config": [
              {
                "ip_family": "ipv4",
                "service_ipv4_cidr": "10.100.0.0/16",
                "service_ipv6_cidr": ""
              }
            ],
            "name": "DataApi-EKS-Production",
            "outpost_config": [],
            "platform_version": "eks.8",
            "role_arn": "arn:aws:iam::789543606330:role/eks-cluster-role-staging",
            "status": "ACTIVE",
            "tags": {
              "Environment": "new-production-1.30"
            },
            "tags_all": {
              "Environment": "new-production-1.30"
            },
            "timeouts": null,
            "upgrade_policy": [
              {
                "support_type": "EXTENDED"
              }
            ],
            "version": "1.30",
            "vpc_config": [
              {
                "cluster_security_group_id": "sg-00bf6ca13c80bf350",
                "endpoint_private_access": false,
                "endpoint_public_access": true,
                "public_access_cidrs": [
                  "0.0.0.0/0"
                ],
                "security_group_ids": null,
                "subnet_ids": [
                  "subnet-00bcc415f425106b4",
                  "subnet-046a77543fabbe11c",
                  "subnet-04bc419d7c6a648b3",
                  "subnet-09eb0e4aebde67416",
                  "subnet-0a285fc982c977134",
                  "subnet-0ae6ed38db8b1f9d0"
                ],
                "vpc_id": "vpc-0d2427a96d4312068"
              }
            ]
          },
          "sensitive_attributes": [],
          "private": "eyJlMmJmYjczMC1lY2FhLTExZTYtOGY4OC0zNDM2M2JjN2M0YzAiOnsiY3JlYXRlIjoxODAwMDAwMDAwMDAwLCJkZWxldGUiOjkwMDAwMDAwMDAwMCwidXBkYXRlIjozNjAwMDAwMDAwMDAwfSwic2NoZW1hX3ZlcnNpb24iOiIxIn0=",
          "dependencies": [
            "aws_iam_role.eks_cluster_role",
            "data.aws_iam_policy_document.eks_assume_role_policy"
          ]
        }
      ]
    },
    {
      "mode": "managed",
      "type": "aws_eks_node_group",
      "name": "new_eks_node_group",
      "provider": "provider[\"registry.terraform.io/hashicorp/aws\"]",
      "instances": [
        {
          "index_key": "EKS-NG-large-01",
          "schema_version": 0,
          "attributes": {
            "ami_type": "AL2_x86_64",
            "arn": "arn:aws:eks:eu-west-1:789543606330:nodegroup/DataApi-EKS-Production/EKS-NG-large-01/dcc93261-9b14-f93e-39cb-99cc9d6cb6e9",
            "capacity_type": "ON_DEMAND",
            "cluster_name": "DataApi-EKS-Production",
            "disk_size": 0,
            "force_update_version": null,
            "id": "DataApi-EKS-Production:EKS-NG-large-01",
            "instance_types": [
              "m6a.2xlarge"
            ],
            "labels": {
              "deployment-tag": "3.0.0",
              "nodegroup-role": "worker"
            },
            "launch_template": [
              {
                "id": "lt-0e01d80257283b4a5",
                "name": "EKS-NG-large-01-Template",
                "version": "1"
              }
            ],
            "node_group_name": "EKS-NG-large-01",
            "node_group_name_prefix": "",
            "node_role_arn": "arn:aws:iam::789543606330:role/eks-nodegroup-role-staging",
            "release_version": "1.30.4-20240928",
            "remote_access": [],
            "resources": [
              {
                "autoscaling_groups": [
                  {
                    "name": "eks-EKS-NG-large-01-dcc93261-9b14-f93e-39cb-99cc9d6cb6e9"
                  }
                ],
                "remote_access_security_group_id": ""
              }
            ],
            "scaling_config": [
              {
                "desired_size": 2,
                "max_size": 5,
                "min_size": 1
              }
            ],
            "status": "ACTIVE",
            "subnet_ids": [
              "subnet-09eb0e4aebde67416",
              "subnet-0a285fc982c977134",
              "subnet-0ae6ed38db8b1f9d0"
            ],
            "tags": {
              "Environment": "production-1.30"
            },
            "tags_all": {
              "Environment": "production-1.30"
            },
            "taint": [],
            "timeouts": null,
            "update_config": [
              {
                "max_unavailable": 1,
                "max_unavailable_percentage": 0
              }
            ],
            "version": "1.30"
          },
          "sensitive_attributes": [],
          "private": "eyJlMmJmYjczMC1lY2FhLTExZTYtOGY4OC0zNDM2M2JjN2M0YzAiOnsiY3JlYXRlIjozNjAwMDAwMDAwMDAwLCJkZWxldGUiOjM2MDAwMDAwMDAwMDAsInVwZGF0ZSI6MzYwMDAwMDAwMDAwMH19",
          "dependencies": [
            "aws_eks_cluster.new_eks_cluster",
            "aws_iam_role.eks_cluster_role",
            "aws_iam_role.eks_node_group_role",
            "aws_launch_template.EKS_NG_Template",
            "data.aws_iam_policy_document.eks_assume_role_policy",
            "data.aws_iam_policy_document.eks_node_assume_role_policy"
          ]
        }
      ]
    },
    {
      "mode": "managed",
      "type": "aws_iam_role",
      "name": "eks_cluster_role",
      "provider": "provider[\"registry.terraform.io/hashicorp/aws\"]",
      "instances": [
        {
          "schema_version": 0,
          "attributes": {
            "arn": "arn:aws:iam::789543606330:role/eks-cluster-role-staging",
            "assume_role_policy": "{\"Statement\":[{\"Action\":\"sts:AssumeRole\",\"Effect\":\"Allow\",\"Principal\":{\"Service\":\"eks.amazonaws.com\"}}],\"Version\":\"2012-10-17\"}",
            "create_date": "2024-10-07T02:09:36Z",
            "description": "",
            "force_detach_policies": false,
            "id": "eks-cluster-role-staging",
            "inline_policy": [],
            "managed_policy_arns": [],
            "max_session_duration": 3600,
            "name": "eks-cluster-role-staging",
            "name_prefix": "",
            "path": "/",
            "permissions_boundary": "",
            "tags": {
              "ClusterName": "DataApi-EKS-Production",
              "Name": "DataApi-EKS-Production/ServiceRole",
              "eksctl_version": "0.140.0"
            },
            "tags_all": {
              "ClusterName": "DataApi-EKS-Production",
              "Name": "DataApi-EKS-Production/ServiceRole",
              "eksctl_version": "0.140.0"
            },
            "unique_id": "AROA3PVDXLA5LSLAISEHF"
          },
          "sensitive_attributes": [],
          "private": "bnVsbA==",
          "dependencies": [
            "data.aws_iam_policy_document.eks_assume_role_policy"
          ]
        }
      ]
    },
    {
      "mode": "managed",
      "type": "aws_iam_role",
      "name": "eks_node_group_role",
      "provider": "provider[\"registry.terraform.io/hashicorp/aws\"]",
      "instances": [
        {
          "schema_version": 0,
          "attributes": {
            "arn": "arn:aws:iam::789543606330:role/eks-nodegroup-role-staging",
            "assume_role_policy": "{\"Statement\":[{\"Action\":\"sts:AssumeRole\",\"Effect\":\"Allow\",\"Principal\":{\"Service\":\"ec2.amazonaws.com\"}}],\"Version\":\"2012-10-17\"}",
            "create_date": "2024-10-07T02:09:36Z",
            "description": "",
            "force_detach_policies": false,
            "id": "eks-nodegroup-role-staging",
            "inline_policy": [],
            "managed_policy_arns": [],
            "max_session_duration": 3600,
            "name": "eks-nodegroup-role-staging",
            "name_prefix": "",
            "path": "/",
            "permissions_boundary": "",
            "tags": {
              "ClusterName": "DataApi-EKS-Production",
              "Name": "DataApi-EKS-Production/NodeGroupRole"
            },
            "tags_all": {
              "ClusterName": "DataApi-EKS-Production",
              "Name": "DataApi-EKS-Production/NodeGroupRole"
            },
            "unique_id": "AROA3PVDXLA5D2B6V7ZG2"
          },
          "sensitive_attributes": [],
          "private": "bnVsbA==",
          "dependencies": [
            "data.aws_iam_policy_document.eks_node_assume_role_policy"
          ]
        }
      ]
    },
    {
      "mode": "managed",
      "type": "aws_iam_role_policy_attachment",
      "name": "eks_cluster_policy_attachment",
      "provider": "provider[\"registry.terraform.io/hashicorp/aws\"]",
      "instances": [
        {
          "schema_version": 0,
          "attributes": {
            "id": "eks-cluster-role-staging-20241007020938777600000004",
            "policy_arn": "arn:aws:iam::aws:policy/AmazonEKSClusterPolicy",
            "role": "eks-cluster-role-staging"
          },
          "sensitive_attributes": [],
          "private": "bnVsbA==",
          "dependencies": [
            "aws_iam_role.eks_cluster_role",
            "data.aws_iam_policy_document.eks_assume_role_policy"
          ]
        }
      ]
    },
    {
      "mode": "managed",
      "type": "aws_iam_role_policy_attachment",
      "name": "eks_cni_policy_attachment",
      "provider": "provider[\"registry.terraform.io/hashicorp/aws\"]",
      "instances": [
        {
          "schema_version": 0,
          "attributes": {
            "id": "eks-nodegroup-role-staging-20241007020938469600000003",
            "policy_arn": "arn:aws:iam::aws:policy/AmazonEKS_CNI_Policy",
            "role": "eks-nodegroup-role-staging"
          },
          "sensitive_attributes": [],
          "private": "bnVsbA==",
          "dependencies": [
            "aws_iam_role.eks_node_group_role",
            "data.aws_iam_policy_document.eks_node_assume_role_policy"
          ]
        }
      ]
    },
    {
      "mode": "managed",
      "type": "aws_iam_role_policy_attachment",
      "name": "eks_ec2_registry_policy_attachment",
      "provider": "provider[\"registry.terraform.io/hashicorp/aws\"]",
      "instances": [
        {
          "schema_version": 0,
          "attributes": {
            "id": "eks-nodegroup-role-staging-20241007020938454900000002",
            "policy_arn": "arn:aws:iam::aws:policy/AmazonEC2ContainerRegistryReadOnly",
            "role": "eks-nodegroup-role-staging"
          },
          "sensitive_attributes": [],
          "private": "bnVsbA==",
          "dependencies": [
            "aws_iam_role.eks_node_group_role",
            "data.aws_iam_policy_document.eks_node_assume_role_policy"
          ]
        }
      ]
    },
    {
      "mode": "managed",
      "type": "aws_iam_role_policy_attachment",
      "name": "eks_vpc_cni_policy_attachment",
      "provider": "provider[\"registry.terraform.io/hashicorp/aws\"]",
      "instances": [
        {
          "schema_version": 0,
          "attributes": {
            "id": "eks-cluster-role-staging-20241007020938808800000005",
            "policy_arn": "arn:aws:iam::aws:policy/AmazonEKSVPCResourceController",
            "role": "eks-cluster-role-staging"
          },
          "sensitive_attributes": [],
          "private": "bnVsbA==",
          "dependencies": [
            "aws_iam_role.eks_cluster_role",
            "data.aws_iam_policy_document.eks_assume_role_policy"
          ]
        }
      ]
    },
    {
      "mode": "managed",
      "type": "aws_iam_role_policy_attachment",
      "name": "eks_worker_node_policy_attachment",
      "provider": "provider[\"registry.terraform.io/hashicorp/aws\"]",
      "instances": [
        {
          "schema_version": 0,
          "attributes": {
            "id": "eks-nodegroup-role-staging-20241007020939106900000006",
            "policy_arn": "arn:aws:iam::aws:policy/AmazonEKSWorkerNodePolicy",
            "role": "eks-nodegroup-role-staging"
          },
          "sensitive_attributes": [],
          "private": "bnVsbA==",
          "dependencies": [
            "aws_iam_role.eks_node_group_role",
            "data.aws_iam_policy_document.eks_node_assume_role_policy"
          ]
        }
      ]
    },
    {
      "mode": "managed",
      "type": "aws_launch_template",
      "name": "EKS_NG_Template",
      "provider": "provider[\"registry.terraform.io/hashicorp/aws\"]",
      "instances": [
        {
          "index_key": "large",
          "schema_version": 0,
          "attributes": {
            "arn": "arn:aws:ec2:eu-west-1:789543606330:launch-template/lt-0e01d80257283b4a5",
            "block_device_mappings": [],
            "capacity_reservation_specification": [],
            "cpu_options": [],
            "credit_specification": [],
            "default_version": 1,
            "description": "",
            "disable_api_stop": false,
            "disable_api_termination": false,
            "ebs_optimized": "",
            "elastic_gpu_specifications": [],
            "elastic_inference_accelerator": [],
            "enclave_options": [],
            "hibernation_options": [],
            "iam_instance_profile": [],
            "id": "lt-0e01d80257283b4a5",
            "image_id": "",
            "instance_initiated_shutdown_behavior": "",
            "instance_market_options": [],
            "instance_requirements": [],
            "instance_type": "",
            "kernel_id": "",
            "key_name": "sre_ew1_linux",
            "latest_version": 1,
            "license_specification": [],
            "maintenance_options": [],
            "metadata_options": [],
            "monitoring": [],
            "name": "EKS-NG-large-01-Template",
            "name_prefix": "",
            "network_interfaces": [],
            "placement": [],
            "private_dns_name_options": [],
            "ram_disk_id": "",
            "security_group_names": null,
            "tag_specifications": [
              {
                "resource_type": "instance",
                "tags": {
                  "Name": "eks-node-large-01",
                  "alpha_eksctl_io_nodegroup_name": "managed-large-01",
                  "alpha_eksctl_io_nodegroup_type": "managed"
                }
              },
              {
                "resource_type": "volume",
                "tags": {
                  "Name": "eks-node-large-01",
                  "alpha_eksctl_io_nodegroup_name": "managed-large-01",
                  "alpha_eksctl_io_nodegroup_type": "managed"
                }
              },
              {
                "resource_type": "network-interface",
                "tags": {
                  "Name": "eks-node-large-01",
                  "alpha_eksctl_io_nodegroup_name": "managed-large-01",
                  "alpha_eksctl_io_nodegroup_type": "managed"
                }
              }
            ],
            "tags": null,
            "tags_all": {},
            "update_default_version": null,
            "user_data": "",
            "vpc_security_group_ids": null
          },
          "sensitive_attributes": [],
          "private": "bnVsbA=="
        }
      ]
    }
  ],
  "check_results": null
}
